
Microsoft Visual Studio Solution File, Format Version 12.00
# Visual Studio Version 16
VisualStudioVersion = 16.0.29613.14
MinimumVisualStudioVersion = 10.0.40219.1
Project("{FAE04EC0-301F-11D3-BF4B-00C04F79EFBC}") = "TestStand", "TestStand\TestStand.csproj", "{3CEA5628-F396-41FB-A520-2592C0939C7C}"
EndProject
Global
	GlobalSection(SolutionConfigurationPlatforms) = preSolution
		Debug|Any CPU = Debug|Any CPU
		Release|Any CPU = Release|Any CPU
	EndGlobalSection
	GlobalSection(ProjectConfigurationPlatforms) = postSolution
		{3CEA5628-F396-41FB-A520-2592C0939C7C}.Debug|Any CPU.ActiveCfg = Debug|Any CPU
		{3CEA5628-F396-41FB-A520-2592C0939C7C}.Debug|Any CPU.Build.0 = Debug|Any CPU
		{3CEA5628-F396-41FB-A520-2592C0939C7C}.Release|Any CPU.ActiveCfg = Release|Any CPU
		{3CEA5628-F396-41FB-A520-2592C0939C7C}.Release|Any CPU.Build.0 = Release|Any CPU
	EndGlobalSection
	GlobalSection(SolutionProperties) = preSolution
		HideSolutionNode = FALSE
	EndGlobalSection
	GlobalSection(ExtensibilityGlobals) = postSolution
		SolutionGuid = {D434DBFB-E189-434B-9539-A7309AC4D7C7}
	EndGlobalSection
EndGlobal
